{
  "name": "@powforge/captcha-mcp",
  "version": "0.2.0",
  "lockfileVersion": 3,
  "requires": true,
  "packages": {
    "": {
      "name": "@powforge/captcha-mcp",
      "version": "0.2.0",
      "license": "MIT",
      "dependencies": {
        "@magiceden-oss/runestone-lib": "^1.0.2",
        "@scure/btc-signer": "^2.2.0"
      },
      "bin": {
        "captcha-mcp": "src/server.js"
      },
      "engines": {
        "node": ">=18"
      }
    },
    "node_modules/@magiceden-oss/runestone-lib": {
      "version": "1.0.2",
      "resolved": "https://registry.npmjs.org/@magiceden-oss/runestone-lib/-/runestone-lib-1.0.2.tgz",
      "integrity": "sha512-C4XoE7tHxxaWQNzovBIEndXGrTesotshnKQA8DXlnoVDvriD6G26ezUoj9AlEb2UAPbEijSga4Dtwd86Z0a1jg==",
      "license": "ISC"
    },
    "node_modules/@noble/curves": {
      "version": "2.2.0",
      "resolved": "https://registry.npmjs.org/@noble/curves/-/curves-2.2.0.tgz",
      "integrity": "sha512-T/BoHgFXirb0ENSPBquzX0rcjXeM6Lo892a2jlYJkqk83LqZx0l1Of7DzlKJ6jkpvMrkHSnAcgb5JegL8SeIkQ==",
      "license": "MIT",
      "dependencies": {
        "@noble/hashes": "2.2.0"
      },
      "engines": {
        "node": ">= 20.19.0"
      },
      "funding": {
        "url": "https://paulmillr.com/funding/"
      }
    },
    "node_modules/@noble/hashes": {
      "version": "2.2.0",
      "resolved": "https://registry.npmjs.org/@noble/hashes/-/hashes-2.2.0.tgz",
      "integrity": "sha512-IYqDGiTXab6FniAgnSdZwgWbomxpy9FtYvLKs7wCUs2a8RkITG+DFGO1DM9cr+E3/RgADRpFjrKVaJ1z6sjtEg==",
      "license": "MIT",
      "engines": {
        "node": ">= 20.19.0"
      },
      "funding": {
        "url": "https://paulmillr.com/funding/"
      }
    },
    "node_modules/@scure/base": {
      "version": "2.2.0",
      "resolved": "https://registry.npmjs.org/@scure/base/-/base-2.2.0.tgz",
      "integrity": "sha512-b8XEupJibegiXV+tDUseI8oLQc8ei3d/4Jkb2RpbHh3MfE054ov3uIz2dhFkB3FI8iwYkEh0gGCApkrYggkPNg==",
      "license": "MIT",
      "funding": {
        "url": "https://paulmillr.com/funding/"
      }
    },
    "node_modules/@scure/btc-signer": {
      "version": "2.2.0",
      "resolved": "https://registry.npmjs.org/@scure/btc-signer/-/btc-signer-2.2.0.tgz",
      "integrity": "sha512-ZXZ08sZqSZKEcOuEQnxTF66ouHtl6+UA6U/QfQM06K9WiOlEkXF4LviZCaSgkdiFh9cyMt9+xdup7JtEv3p0fw==",
      "license": "MIT",
      "dependencies": {
        "@noble/curves": "~2.2.0",
        "@noble/hashes": "~2.2.0",
        "@scure/base": "~2.2.0",
        "micro-packed": "~0.9.0"
      },
      "funding": {
        "url": "https://paulmillr.com/funding/"
      }
    },
    "node_modules/micro-packed": {
      "version": "0.9.0",
      "resolved": "https://registry.npmjs.org/micro-packed/-/micro-packed-0.9.0.tgz",
      "integrity": "sha512-gFdaWTxEXOwtSOcpxulO4AuXVtp3HWIRmB8eq8+3m1Zku0ubgva0UGpi03YhcvsTJasHngG9gTIUK5kHNKdesg==",
      "license": "MIT",
      "dependencies": {
        "@scure/base": "~2.2.0"
      },
      "engines": {
        "node": ">= 20.19.0"
      },
      "funding": {
        "url": "https://paulmillr.com/funding/"
      }
    }
  }
}
