{
  "name": "@powforge/captcha-mcp",
  "version": "0.2.0",
  "lockfileVersion": 3,
  "requires": true,
  "packages": {
    "": {
      "name": "@powforge/captcha-mcp",
      "version": "0.2.0",
      "license": "MIT",
      "dependencies": {
        "@magiceden-oss/runestone-lib": "^1.0.2",
        "@scure/btc-signer": "^1.8.1"
      },
      "bin": {
        "captcha-mcp": "src/server.js"
      },
      "engines": {
        "node": ">=18"
      }
    },
    "node_modules/@magiceden-oss/runestone-lib": {
      "version": "1.0.2",
      "resolved": "https://registry.npmjs.org/@magiceden-oss/runestone-lib/-/runestone-lib-1.0.2.tgz",
      "integrity": "sha512-C4XoE7tHxxaWQNzovBIEndXGrTesotshnKQA8DXlnoVDvriD6G26ezUoj9AlEb2UAPbEijSga4Dtwd86Z0a1jg==",
      "license": "ISC"
    },
    "node_modules/@noble/curves": {
      "version": "1.9.7",
      "resolved": "https://registry.npmjs.org/@noble/curves/-/curves-1.9.7.tgz",
      "integrity": "sha512-gbKGcRUYIjA3/zCCNaWDciTMFI0dCkvou3TL8Zmy5Nc7sJ47a0jtOeZoTaMxkuqRo9cRhjOdZJXegxYE5FN/xw==",
      "license": "MIT",
      "dependencies": {
        "@noble/hashes": "1.8.0"
      },
      "engines": {
        "node": "^14.21.3 || >=16"
      },
      "funding": {
        "url": "https://paulmillr.com/funding/"
      }
    },
    "node_modules/@noble/hashes": {
      "version": "1.8.0",
      "resolved": "https://registry.npmjs.org/@noble/hashes/-/hashes-1.8.0.tgz",
      "integrity": "sha512-jCs9ldd7NwzpgXDIf6P3+NrHh9/sD6CQdxHyjQI+h/6rDNo88ypBxxz45UDuZHz9r3tNz7N/VInSVoVdtXEI4A==",
      "license": "MIT",
      "engines": {
        "node": "^14.21.3 || >=16"
      },
      "funding": {
        "url": "https://paulmillr.com/funding/"
      }
    },
    "node_modules/@scure/base": {
      "version": "1.2.6",
      "resolved": "https://registry.npmjs.org/@scure/base/-/base-1.2.6.tgz",
      "integrity": "sha512-g/nm5FgUa//MCj1gV09zTJTaM6KBAHqLN907YVQqf7zC49+DcO4B1so4ZX07Ef10Twr6nuqYEH9GEggFXA4Fmg==",
      "license": "MIT",
      "funding": {
        "url": "https://paulmillr.com/funding/"
      }
    },
    "node_modules/@scure/btc-signer": {
      "version": "1.8.1",
      "resolved": "https://registry.npmjs.org/@scure/btc-signer/-/btc-signer-1.8.1.tgz",
      "integrity": "sha512-8nX9T++dFyKpvqksNHfSi9CgRsGnHAQtCdIQ1y1GmbCGLpV97v4MUyemUUT6uDumKL3oo3m4niyY6A32nmdLuQ==",
      "license": "MIT",
      "dependencies": {
        "@noble/curves": "~1.9.0",
        "@noble/hashes": "~1.8.0",
        "@scure/base": "~1.2.5",
        "micro-packed": "~0.7.3"
      },
      "funding": {
        "url": "https://paulmillr.com/funding/"
      }
    },
    "node_modules/micro-packed": {
      "version": "0.7.3",
      "resolved": "https://registry.npmjs.org/micro-packed/-/micro-packed-0.7.3.tgz",
      "integrity": "sha512-2Milxs+WNC00TRlem41oRswvw31146GiSaoCT7s3Xi2gMUglW5QBeqlQaZeHr5tJx9nm3i57LNXPqxOOaWtTYg==",
      "license": "MIT",
      "dependencies": {
        "@scure/base": "~1.2.5"
      },
      "funding": {
        "url": "https://paulmillr.com/funding/"
      }
    }
  }
}
