{
  "name": "@powforge/captcha-mcp",
  "version": "0.2.0",
  "lockfileVersion": 3,
  "requires": true,
  "packages": {
    "": {
      "name": "@powforge/captcha-mcp",
      "version": "0.2.0",
      "license": "MIT",
      "dependencies": {
        "@magiceden-oss/runestone-lib": "^1.0.2"
      },
      "bin": {
        "captcha-mcp": "src/server.js"
      },
      "engines": {
        "node": ">=18"
      }
    },
    "node_modules/@magiceden-oss/runestone-lib": {
      "version": "1.0.2",
      "resolved": "https://registry.npmjs.org/@magiceden-oss/runestone-lib/-/runestone-lib-1.0.2.tgz",
      "integrity": "sha512-C4XoE7tHxxaWQNzovBIEndXGrTesotshnKQA8DXlnoVDvriD6G26ezUoj9AlEb2UAPbEijSga4Dtwd86Z0a1jg==",
      "license": "ISC"
    }
  }
}
